// !$*UTF8*$!
{
	archiveVersion = 1;
	classes = {
	};
	objectVersion = 46;
	objects = {

/* Begin PBXBuildFile section */
		D0BFA35E1EE3B951007531F8 /* main.m in Sources */ = {isa = PBXBuildFile; fileRef = D0BFA35D1EE3B951007531F8 /* main.m */; };
		D0BFA3611EE3B951007531F8 /* AppDelegate.m in Sources */ = {isa = PBXBuildFile; fileRef = D0BFA3601EE3B951007531F8 /* AppDelegate.m */; };
		D0BFA3641EE3B951007531F8 /* ViewController.m in Sources */ = {isa = PBXBuildFile; fileRef = D0BFA3631EE3B951007531F8 /* ViewController.m */; };
		D0BFA3671EE3B951007531F8 /* Main.storyboard in Resources */ = {isa = PBXBuildFile; fileRef = D0BFA3651EE3B951007531F8 /* Main.storyboard */; };
		D0BFA36C1EE3B951007531F8 /* Assets.xcassets in Resources */ = {isa = PBXBuildFile; fileRef = D0BFA36B1EE3B951007531F8 /* Assets.xcassets */; };
		D0BFA36F1EE3B951007531F8 /* LaunchScreen.storyboard in Resources */ = {isa = PBXBuildFile; fileRef = D0BFA36D1EE3B951007531F8 /* LaunchScreen.storyboard */; };
		D0BFA3A91EE3BC40007531F8 /* Test.m in Sources */ = {isa = PBXBuildFile; fileRef = D0BFA3A81EE3BC40007531F8 /* Test.m */; };
		D0BFA3AA1EE3BC65007531F8 /* EasyMapping.framework in Frameworks */ = {isa = PBXBuildFile; fileRef = D0BFA3A41EE3BBD0007531F8 /* EasyMapping.framework */; };
		D0BFA3AB1EE3BC65007531F8 /* EasyMapping.framework in Embed Frameworks */ = {isa = PBXBuildFile; fileRef = D0BFA3A41EE3BBD0007531F8 /* EasyMapping.framework */; settings = {ATTRIBUTES = (CodeSignOnCopy, RemoveHeadersOnCopy, ); }; };
		D0BFA3B31EE3D52F007531F8 /* sample.xcdatamodeld in Sources */ = {isa = PBXBuildFile; fileRef = D0BFA3B11EE3D52F007531F8 /* sample.xcdatamodeld */; };
		D0BFA3B61EE3DA03007531F8 /* MyDataController.m in Sources */ = {isa = PBXBuildFile; fileRef = D0BFA3B51EE3DA03007531F8 /* MyDataController.m */; };
/* End PBXBuildFile section */

/* Begin PBXContainerItemProxy section */
		D0BFA3A31EE3BBD0007531F8 /* PBXContainerItemProxy */ = {
			isa = PBXContainerItemProxy;
			containerPortal = D0BFA39E1EE3BBD0007531F8 /* EasyMapping.xcodeproj */;
			proxyType = 2;
			remoteGlobalIDString = 52D6D97C1BEFF229002C0205;
			remoteInfo = EasyMapping;
		};
		D0BFA3A51EE3BBD0007531F8 /* PBXContainerItemProxy */ = {
			isa = PBXContainerItemProxy;
			containerPortal = D0BFA39E1EE3BBD0007531F8 /* EasyMapping.xcodeproj */;
			proxyType = 2;
			remoteGlobalIDString = 52D6D9861BEFF229002C0205;
			remoteInfo = Tests;
		};
		D0BFA3AC1EE3BC65007531F8 /* PBXContainerItemProxy */ = {
			isa = PBXContainerItemProxy;
			containerPortal = D0BFA39E1EE3BBD0007531F8 /* EasyMapping.xcodeproj */;
			proxyType = 1;
			remoteGlobalIDString = 52D6D97B1BEFF229002C0205;
			remoteInfo = EasyMapping;
		};
/* End PBXContainerItemProxy section */

/* Begin PBXCopyFilesBuildPhase section */
		D0BFA3AE1EE3BC65007531F8 /* Embed Frameworks */ = {
			isa = PBXCopyFilesBuildPhase;
			buildActionMask = 2147483647;
			dstPath = "";
			dstSubfolderSpec = 10;
			files = (
				D0BFA3AB1EE3BC65007531F8 /* EasyMapping.framework in Embed Frameworks */,
			);
			name = "Embed Frameworks";
			runOnlyForDeploymentPostprocessing = 0;
		};
/* End PBXCopyFilesBuildPhase section */

/* Begin PBXFileReference section */
		D0BFA3591EE3B951007531F8 /* sample.app */ = {isa = PBXFileReference; explicitFileType = wrapper.application; includeInIndex = 0; path = sample.app; sourceTree = BUILT_PRODUCTS_DIR; };
		D0BFA35D1EE3B951007531F8 /* main.m */ = {isa = PBXFileReference; lastKnownFileType = sourcecode.c.objc; path = main.m; sourceTree = "<group>"; };
		D0BFA35F1EE3B951007531F8 /* AppDelegate.h */ = {isa = PBXFileReference; lastKnownFileType = sourcecode.c.h; path = AppDelegate.h; sourceTree = "<group>"; };
		D0BFA3601EE3B951007531F8 /* AppDelegate.m */ = {isa = PBXFileReference; lastKnownFileType = sourcecode.c.objc; path = AppDelegate.m; sourceTree = "<group>"; };
		D0BFA3621EE3B951007531F8 /* ViewController.h */ = {isa = PBXFileReference; lastKnownFileType = sourcecode.c.h; path = ViewController.h; sourceTree = "<group>"; };
		D0BFA3631EE3B951007531F8 /* ViewController.m */ = {isa = PBXFileReference; lastKnownFileType = sourcecode.c.objc; path = ViewController.m; sourceTree = "<group>"; };
		D0BFA3661EE3B951007531F8 /* Base */ = {isa = PBXFileReference; lastKnownFileType = file.storyboard; name = Base; path = Base.lproj/Main.storyboard; sourceTree = "<group>"; };
		D0BFA36B1EE3B951007531F8 /* Assets.xcassets */ = {isa = PBXFileReference; lastKnownFileType = folder.assetcatalog; path = Assets.xcassets; sourceTree = "<group>"; };
		D0BFA36E1EE3B951007531F8 /* Base */ = {isa = PBXFileReference; lastKnownFileType = file.storyboard; name = Base; path = Base.lproj/LaunchScreen.storyboard; sourceTree = "<group>"; };
		D0BFA3701EE3B951007531F8 /* Info.plist */ = {isa = PBXFileReference; lastKnownFileType = text.plist.xml; path = Info.plist; sourceTree = "<group>"; };
		D0BFA39E1EE3BBD0007531F8 /* EasyMapping.xcodeproj */ = {isa = PBXFileReference; lastKnownFileType = "wrapper.pb-project"; name = EasyMapping.xcodeproj; path = "EasyMapping-0.21.1/EasyMapping.xcodeproj"; sourceTree = "<group>"; };
		D0BFA3A71EE3BC40007531F8 /* Test.h */ = {isa = PBXFileReference; fileEncoding = 4; lastKnownFileType = sourcecode.c.h; path = Test.h; sourceTree = "<group>"; };
		D0BFA3A81EE3BC40007531F8 /* Test.m */ = {isa = PBXFileReference; fileEncoding = 4; lastKnownFileType = sourcecode.c.objc; path = Test.m; sourceTree = "<group>"; };
		D0BFA3B21EE3D52F007531F8 /* sample.xcdatamodel */ = {isa = PBXFileReference; lastKnownFileType = wrapper.xcdatamodel; path = sample.xcdatamodel; sourceTree = "<group>"; };
		D0BFA3B41EE3DA03007531F8 /* MyDataController.h */ = {isa = PBXFileReference; fileEncoding = 4; lastKnownFileType = sourcecode.c.h; path = MyDataController.h; sourceTree = "<group>"; };
		D0BFA3B51EE3DA03007531F8 /* MyDataController.m */ = {isa = PBXFileReference; fileEncoding = 4; lastKnownFileType = sourcecode.c.objc; path = MyDataController.m; sourceTree = "<group>"; };
/* End PBXFileReference section */

/* Begin PBXFrameworksBuildPhase section */
		D0BFA3561EE3B951007531F8 /* Frameworks */ = {
			isa = PBXFrameworksBuildPhase;
			buildActionMask = 2147483647;
			files = (
				D0BFA3AA1EE3BC65007531F8 /* EasyMapping.framework in Frameworks */,
			);
			runOnlyForDeploymentPostprocessing = 0;
		};
/* End PBXFrameworksBuildPhase section */

/* Begin PBXGroup section */
		D0BFA3501EE3B951007531F8 = {
			isa = PBXGroup;
			children = (
				D0BFA39E1EE3BBD0007531F8 /* EasyMapping.xcodeproj */,
				D0BFA35B1EE3B951007531F8 /* sample */,
				D0BFA35A1EE3B951007531F8 /* Products */,
			);
			sourceTree = "<group>";
		};
		D0BFA35A1EE3B951007531F8 /* Products */ = {
			isa = PBXGroup;
			children = (
				D0BFA3591EE3B951007531F8 /* sample.app */,
			);
			name = Products;
			sourceTree = "<group>";
		};
		D0BFA35B1EE3B951007531F8 /* sample */ = {
			isa = PBXGroup;
			children = (
				D0BFA35F1EE3B951007531F8 /* AppDelegate.h */,
				D0BFA3601EE3B951007531F8 /* AppDelegate.m */,
				D0BFA3621EE3B951007531F8 /* ViewController.h */,
				D0BFA3631EE3B951007531F8 /* ViewController.m */,
				D0BFA3651EE3B951007531F8 /* Main.storyboard */,
				D0BFA36B1EE3B951007531F8 /* Assets.xcassets */,
				D0BFA36D1EE3B951007531F8 /* LaunchScreen.storyboard */,
				D0BFA3701EE3B951007531F8 /* Info.plist */,
				D0BFA35C1EE3B951007531F8 /* Supporting Files */,
				D0BFA3B11EE3D52F007531F8 /* sample.xcdatamodeld */,
				D0BFA3A71EE3BC40007531F8 /* Test.h */,
				D0BFA3A81EE3BC40007531F8 /* Test.m */,
				D0BFA3B41EE3DA03007531F8 /* MyDataController.h */,
				D0BFA3B51EE3DA03007531F8 /* MyDataController.m */,
			);
			path = sample;
			sourceTree = "<group>";
		};
		D0BFA35C1EE3B951007531F8 /* Supporting Files */ = {
			isa = PBXGroup;
			children = (
				D0BFA35D1EE3B951007531F8 /* main.m */,
			);
			name = "Supporting Files";
			sourceTree = "<group>";
		};
		D0BFA39F1EE3BBD0007531F8 /* Products */ = {
			isa = PBXGroup;
			children = (
				D0BFA3A41EE3BBD0007531F8 /* EasyMapping.framework */,
				D0BFA3A61EE3BBD0007531F8 /* Tests.xctest */,
			);
			name = Products;
			sourceTree = "<group>";
		};
/* End PBXGroup section */

/* Begin PBXNativeTarget section */
		D0BFA3581EE3B951007531F8 /* sample */ = {
			isa = PBXNativeTarget;
			buildConfigurationList = D0BFA3731EE3B951007531F8 /* Build configuration list for PBXNativeTarget "sample" */;
			buildPhases = (
				D0BFA3551EE3B951007531F8 /* Sources */,
				D0BFA3561EE3B951007531F8 /* Frameworks */,
				D0BFA3571EE3B951007531F8 /* Resources */,
				D0BFA3AE1EE3BC65007531F8 /* Embed Frameworks */,
			);
			buildRules = (
			);
			dependencies = (
				D0BFA3AD1EE3BC65007531F8 /* PBXTargetDependency */,
			);
			name = sample;
			productName = sample;
			productReference = D0BFA3591EE3B951007531F8 /* sample.app */;
			productType = "com.apple.product-type.application";
		};
/* End PBXNativeTarget section */

/* Begin PBXProject section */
		D0BFA3511EE3B951007531F8 /* Project object */ = {
			isa = PBXProject;
			attributes = {
				LastUpgradeCheck = 0830;
				ORGANIZATIONNAME = saka;
				TargetAttributes = {
					D0BFA3581EE3B951007531F8 = {
						CreatedOnToolsVersion = 8.3.2;
						ProvisioningStyle = Automatic;
					};
				};
			};
			buildConfigurationList = D0BFA3541EE3B951007531F8 /* Build configuration list for PBXProject "sample" */;
			compatibilityVersion = "Xcode 3.2";
			developmentRegion = English;
			hasScannedForEncodings = 0;
			knownRegions = (
				en,
				Base,
			);
			mainGroup = D0BFA3501EE3B951007531F8;
			productRefGroup = D0BFA35A1EE3B951007531F8 /* Products */;
			projectDirPath = "";
			projectReferences = (
				{
					ProductGroup = D0BFA39F1EE3BBD0007531F8 /* Products */;
					ProjectRef = D0BFA39E1EE3BBD0007531F8 /* EasyMapping.xcodeproj */;
				},
			);
			projectRoot = "";
			targets = (
				D0BFA3581EE3B951007531F8 /* sample */,
			);
		};
/* End PBXProject section */

/* Begin PBXReferenceProxy section */
		D0BFA3A41EE3BBD0007531F8 /* EasyMapping.framework */ = {
			isa = PBXReferenceProxy;
			fileType = wrapper.framework;
			path = EasyMapping.framework;
			remoteRef = D0BFA3A31EE3BBD0007531F8 /* PBXContainerItemProxy */;
			sourceTree = BUILT_PRODUCTS_DIR;
		};
		D0BFA3A61EE3BBD0007531F8 /* Tests.xctest */ = {
			isa = PBXReferenceProxy;
			fileType = wrapper.cfbundle;
			path = Tests.xctest;
			remoteRef = D0BFA3A51EE3BBD0007531F8 /* PBXContainerItemProxy */;
			sourceTree = BUILT_PRODUCTS_DIR;
		};
/* End PBXReferenceProxy section */

/* Begin PBXResourcesBuildPhase section */
		D0BFA3571EE3B951007531F8 /* Resources */ = {
			isa = PBXResourcesBuildPhase;
			buildActionMask = 2147483647;
			files = (
				D0BFA36F1EE3B951007531F8 /* LaunchScreen.storyboard in Resources */,
				D0BFA36C1EE3B951007531F8 /* Assets.xcassets in Resources */,
				D0BFA3671EE3B951007531F8 /* Main.storyboard in Resources */,
			);
			runOnlyForDeploymentPostprocessing = 0;
		};
/* End PBXResourcesBuildPhase section */

/* Begin PBXSourcesBuildPhase section */
		D0BFA3551EE3B951007531F8 /* Sources */ = {
			isa = PBXSourcesBuildPhase;
			buildActionMask = 2147483647;
			files = (
				D0BFA3B61EE3DA03007531F8 /* MyDataController.m in Sources */,
				D0BFA3A91EE3BC40007531F8 /* Test.m in Sources */,
				D0BFA3641EE3B951007531F8 /* ViewController.m in Sources */,
				D0BFA3B31EE3D52F007531F8 /* sample.xcdatamodeld in Sources */,
				D0BFA3611EE3B951007531F8 /* AppDelegate.m in Sources */,
				D0BFA35E1EE3B951007531F8 /* main.m in Sources */,
			);
			runOnlyForDeploymentPostprocessing = 0;
		};
/* End PBXSourcesBuildPhase section */

/* Begin PBXTargetDependency section */
		D0BFA3AD1EE3BC65007531F8 /* PBXTargetDependency */ = {
			isa = PBXTargetDependency;
			name = EasyMapping;
			targetProxy = D0BFA3AC1EE3BC65007531F8 /* PBXContainerItemProxy */;
		};
/* End PBXTargetDependency section */

/* Begin PBXVariantGroup section */
		D0BFA3651EE3B951007531F8 /* Main.storyboard */ = {
			isa = PBXVariantGroup;
			children = (
				D0BFA3661EE3B951007531F8 /* Base */,
			);
			name = Main.storyboard;
			sourceTree = "<group>";
		};
		D0BFA36D1EE3B951007531F8 /* LaunchScreen.storyboard */ = {
			isa = PBXVariantGroup;
			children = (
				D0BFA36E1EE3B951007531F8 /* Base */,
			);
			name = LaunchScreen.storyboard;
			sourceTree = "<group>";
		};
/* End PBXVariantGroup section */

/* Begin XCBuildConfiguration section */
		D0BFA3711EE3B951007531F8 /* Debug */ = {
			isa = XCBuildConfiguration;
			buildSettings = {
				ALWAYS_SEARCH_USER_PATHS = NO;
				CLANG_ANALYZER_NONNULL = YES;
				CLANG_ANALYZER_NUMBER_OBJECT_CONVERSION = YES_AGGRESSIVE;
				CLANG_CXX_LANGUAGE_STANDARD = "gnu++0x";
				CLANG_CXX_LIBRARY = "libc++";
				CLANG_ENABLE_MODULES = YES;
				CLANG_ENABLE_OBJC_ARC = YES;
				CLANG_WARN_BOOL_CONVERSION = YES;
				CLANG_WARN_CONSTANT_CONVERSION = YES;
				CLANG_WARN_DIRECT_OBJC_ISA_USAGE = YES_ERROR;
				CLANG_WARN_DOCUMENTATION_COMMENTS = YES;
				CLANG_WARN_EMPTY_BODY = YES;
				CLANG_WARN_ENUM_CONVERSION = YES;
				CLANG_WARN_INFINITE_RECURSION = YES;
				CLANG_WARN_INT_CONVERSION = YES;
				CLANG_WARN_OBJC_ROOT_CLASS = YES_ERROR;
				CLANG_WARN_SUSPICIOUS_MOVE = YES;
				CLANG_WARN_UNREACHABLE_CODE = YES;
				CLANG_WARN__DUPLICATE_METHOD_MATCH = YES;
				"CODE_SIGN_IDENTITY[sdk=iphoneos*]" = "iPhone Developer";
				COPY_PHASE_STRIP = NO;
				DEBUG_INFORMATION_FORMAT = dwarf;
				ENABLE_STRICT_OBJC_MSGSEND = YES;
				ENABLE_TESTABILITY = YES;
				GCC_C_LANGUAGE_STANDARD = gnu99;
				GCC_DYNAMIC_NO_PIC = NO;
				GCC_NO_COMMON_BLOCKS = YES;
				GCC_OPTIMIZATION_LEVEL = 0;
				GCC_PREPROCESSOR_DEFINITIONS = (
					"DEBUG=1",
					"$(inherited)",
				);
				GCC_WARN_64_TO_32_BIT_CONVERSION = YES;
				GCC_WARN_ABOUT_RETURN_TYPE = YES_ERROR;
				GCC_WARN_UNDECLARED_SELECTOR = YES;
				GCC_WARN_UNINITIALIZED_AUTOS = YES_AGGRESSIVE;
				GCC_WARN_UNUSED_FUNCTION = YES;
				GCC_WARN_UNUSED_VARIABLE = YES;
				IPHONEOS_DEPLOYMENT_TARGET = 10.3;
				MTL_ENABLE_DEBUG_INFO = YES;
				ONLY_ACTIVE_ARCH = YES;
				SDKROOT = iphoneos;
			};
			name = Debug;
		};
		D0BFA3721EE3B951007531F8 /* Release */ = {
			isa = XCBuildConfiguration;
			buildSettings = {
				ALWAYS_SEARCH_USER_PATHS = NO;
				CLANG_ANALYZER_NONNULL = YES;
				CLANG_ANALYZER_NUMBER_OBJECT_CONVERSION = YES_AGGRESSIVE;
				CLANG_CXX_LANGUAGE_STANDARD = "gnu++0x";
				CLANG_CXX_LIBRARY = "libc++";
				CLANG_ENABLE_MODULES = YES;
				CLANG_ENABLE_OBJC_ARC = YES;
				CLANG_WARN_BOOL_CONVERSION = YES;
				CLANG_WARN_CONSTANT_CONVERSION = YES;
				CLANG_WARN_DIRECT_OBJC_ISA_USAGE = YES_ERROR;
				CLANG_WARN_DOCUMENTATION_COMMENTS = YES;
				CLANG_WARN_EMPTY_BODY = YES;
				CLANG_WARN_ENUM_CONVERSION = YES;
				CLANG_WARN_INFINITE_RECURSION = YES;
				CLANG_WARN_INT_CONVERSION = YES;
				CLANG_WARN_OBJC_ROOT_CLASS = YES_ERROR;
				CLANG_WARN_SUSPICIOUS_MOVE = YES;
				CLANG_WARN_UNREACHABLE_CODE = YES;
				CLANG_WARN__DUPLICATE_METHOD_MATCH = YES;
				"CODE_SIGN_IDENTITY[sdk=iphoneos*]" = "iPhone Developer";
				COPY_PHASE_STRIP = NO;
				DEBUG_INFORMATION_FORMAT = "dwarf-with-dsym";
				ENABLE_NS_ASSERTIONS = NO;
				ENABLE_STRICT_OBJC_MSGSEND = YES;
				GCC_C_LANGUAGE_STANDARD = gnu99;
				GCC_NO_COMMON_BLOCKS = YES;
				GCC_WARN_64_TO_32_BIT_CONVERSION = YES;
				GCC_WARN_ABOUT_RETURN_TYPE = YES_ERROR;
				GCC_WARN_UNDECLARED_SELECTOR = YES;
				GCC_WARN_UNINITIALIZED_AUTOS = YES_AGGRESSIVE;
				GCC_WARN_UNUSED_FUNCTION = YES;
				GCC_WARN_UNUSED_VARIABLE = YES;
				IPHONEOS_DEPLOYMENT_TARGET = 10.3;
				MTL_ENABLE_DEBUG_INFO = NO;
				SDKROOT = iphoneos;
				VALIDATE_PRODUCT = YES;
			};
			name = Release;
		};
		D0BFA3741EE3B951007531F8 /* Debug */ = {
			isa = XCBuildConfiguration;
			buildSettings = {
				ASSETCATALOG_COMPILER_APPICON_NAME = AppIcon;
				INFOPLIST_FILE = sample/Info.plist;
				LD_RUNPATH_SEARCH_PATHS = "$(inherited) @executable_path/Frameworks";
				PRODUCT_BUNDLE_IDENTIFIER = saka.sample;
				PRODUCT_NAME = "$(TARGET_NAME)";
			};
			name = Debug;
		};
		D0BFA3751EE3B951007531F8 /* Release */ = {
			isa = XCBuildConfiguration;
			buildSettings = {
				ASSETCATALOG_COMPILER_APPICON_NAME = AppIcon;
				INFOPLIST_FILE = sample/Info.plist;
				LD_RUNPATH_SEARCH_PATHS = "$(inherited) @executable_path/Frameworks";
				PRODUCT_BUNDLE_IDENTIFIER = saka.sample;
				PRODUCT_NAME = "$(TARGET_NAME)";
			};
			name = Release;
		};
/* End XCBuildConfiguration section */

/* Begin XCConfigurationList section */
		D0BFA3541EE3B951007531F8 /* Build configuration list for PBXProject "sample" */ = {
			isa = XCConfigurationList;
			buildConfigurations = (
				D0BFA3711EE3B951007531F8 /* Debug */,
				D0BFA3721EE3B951007531F8 /* Release */,
			);
			defaultConfigurationIsVisible = 0;
			defaultConfigurationName = Release;
		};
		D0BFA3731EE3B951007531F8 /* Build configuration list for PBXNativeTarget "sample" */ = {
			isa = XCConfigurationList;
			buildConfigurations = (
				D0BFA3741EE3B951007531F8 /* Debug */,
				D0BFA3751EE3B951007531F8 /* Release */,
			);
			defaultConfigurationIsVisible = 0;
			defaultConfigurationName = Release;
		};
/* End XCConfigurationList section */

/* Begin XCVersionGroup section */
		D0BFA3B11EE3D52F007531F8 /* sample.xcdatamodeld */ = {
			isa = XCVersionGroup;
			children = (
				D0BFA3B21EE3D52F007531F8 /* sample.xcdatamodel */,
			);
			currentVersion = D0BFA3B21EE3D52F007531F8 /* sample.xcdatamodel */;
			path = sample.xcdatamodeld;
			sourceTree = "<group>";
			versionGroupType = wrapper.xcdatamodel;
		};
/* End XCVersionGroup section */
	};
	rootObject = D0BFA3511EE3B951007531F8 /* Project object */;
}
